
Microsoft Visual Studio Solution File, Format Version 12.00
# Visual Studio Version 17
VisualStudioVersion = 17.11.35327.3
MinimumVisualStudioVersion = 10.0.40219.1
Project("{8BC9CEB8-8B4A-11D0-8D11-00A0C91BC942}") = "Ch3Ex18", "Ch3Ex18.vcxproj", "{F2E66EB0-7BE3-4353-80E6-B7EEABD12DD1}"
EndProject
Global
	GlobalSection(SolutionConfigurationPlatforms) = preSolution
		Debug|x64 = Debug|x64
		Debug|x86 = Debug|x86
		Release|x64 = Release|x64
		Release|x86 = Release|x86
	EndGlobalSection
	GlobalSection(ProjectConfigurationPlatforms) = postSolution
		{F2E66EB0-7BE3-4353-80E6-B7EEABD12DD1}.Debug|x64.ActiveCfg = Debug|x64
		{F2E66EB0-7BE3-4353-80E6-B7EEABD12DD1}.Debug|x64.Build.0 = Debug|x64
		{F2E66EB0-7BE3-4353-80E6-B7EEABD12DD1}.Debug|x86.ActiveCfg = Debug|Win32
		{F2E66EB0-7BE3-4353-80E6-B7EEABD12DD1}.Debug|x86.Build.0 = Debug|Win32
		{F2E66EB0-7BE3-4353-80E6-B7EEABD12DD1}.Release|x64.ActiveCfg = Release|x64
		{F2E66EB0-7BE3-4353-80E6-B7EEABD12DD1}.Release|x64.Build.0 = Release|x64
		{F2E66EB0-7BE3-4353-80E6-B7EEABD12DD1}.Release|x86.ActiveCfg = Release|Win32
		{F2E66EB0-7BE3-4353-80E6-B7EEABD12DD1}.Release|x86.Build.0 = Release|Win32
	EndGlobalSection
	GlobalSection(SolutionProperties) = preSolution
		HideSolutionNode = FALSE
	EndGlobalSection
	GlobalSection(ExtensibilityGlobals) = postSolution
		SolutionGuid = {941113EB-9D8B-4BA6-A587-CACFC1A7E49E}
	EndGlobalSection
EndGlobal
